{
    "_meta": {
        "hash": {
            "sha256": "66b4286bb6eb49e7de326a6a02aa8bec298691068e41d9b73dd28ab3e6c044df"
        },
        "pipfile-spec": 6,
        "requires": {
            "python_version": "3.6"
        },
        "sources": [
            {
                "name": "pypi",
                "url": "https://pypi.tuna.tsinghua.edu.cn/simple",
                "verify_ssl": true
            }
        ]
    },
    "default": {
        "aiohttp": {
            "hashes": [
                "sha256:1e984191d1ec186881ffaed4581092ba04f7c61582a177b187d3a2f07ed9719e",
                "sha256:259ab809ff0727d0e834ac5e8a283dc5e3e0ecc30c4d80b3cd17a4139ce1f326",
                "sha256:2f4d1a4fdce595c947162333353d4a44952a724fba9ca3205a3df99a33d1307a",
                "sha256:32e5f3b7e511aa850829fbe5aa32eb455e5534eaa4b1ce93231d00e2f76e5654",
                "sha256:344c780466b73095a72c616fac5ea9c4665add7fc129f285fbdbca3cccf4612a",
                "sha256:460bd4237d2dbecc3b5ed57e122992f60188afe46e7319116da5eb8a9dfedba4",
                "sha256:4c6efd824d44ae697814a2a85604d8e992b875462c6655da161ff18fd4f29f17",
                "sha256:50aaad128e6ac62e7bf7bd1f0c0a24bc968a0c0590a726d5a955af193544bcec",
                "sha256:6206a135d072f88da3e71cc501c59d5abffa9d0bb43269a6dcd28d66bfafdbdd",
                "sha256:65f31b622af739a802ca6fd1a3076fd0ae523f8485c52924a89561ba10c49b48",
                "sha256:ae55bac364c405caa23a4f2d6cfecc6a0daada500274ffca4a9230e7129eac59",
                "sha256:b778ce0c909a2653741cb4b1ac7015b5c130ab9c897611df43ae6a58523cb965"
            ],
            "index": "pypi",
            "version": "==3.6.2"
        },
        "aiomysql": {
            "hashes": [
                "sha256:5fd798481f16625b424eec765c56d712ac78a51f3bd0175a3de94107aae43307",
                "sha256:d89ce25d44dadb43cf2d9e4603bd67b7a0ad12d5e67208de013629ba648df2ba"
            ],
            "index": "pypi",
            "version": "==0.0.20"
        },
        "aioredis": {
            "hashes": [
                "sha256:15f8af30b044c771aee6787e5ec24694c048184c7b9e54c3b60c750a4b93273a",
                "sha256:b61808d7e97b7cd5a92ed574937a079c9387fdadd22bfbfa7ad2fd319ecc26e3"
            ],
            "index": "pypi",
            "version": "==1.3.1"
        },
        "aiosqlite": {
            "hashes": [
                "sha256:4f02314a42db6722dc26f2a6119c64e3f05f141f57bbf2b1e1f9fd741b6d7fb8"
            ],
            "version": "==0.11.0"
        },
        "async-timeout": {
            "hashes": [
                "sha256:0c3c816a028d47f659d6ff5c745cb2acf1f966da1fe5c19c77a70282b25f4c5f",
                "sha256:4291ca197d287d274d0b6cb5d6f8f8f82d434ed288f962539ff18cc9012f9ea3"
            ],
            "version": "==3.0.1"
        },
        "attrs": {
            "hashes": [
                "sha256:08a96c641c3a74e44eb59afb61a24f2cb9f4d7188748e76ba4bb5edfa3cb7d1c",
                "sha256:f7b7ce16570fe9965acd6d30101a28f62fb4a7f9e926b3bbc9b61f8b04247e72"
            ],
            "version": "==19.3.0"
        },
        "cffi": {
            "hashes": [
                "sha256:0b49274afc941c626b605fb59b59c3485c17dc776dc3cc7cc14aca74cc19cc42",
                "sha256:0e3ea92942cb1168e38c05c1d56b0527ce31f1a370f6117f1d490b8dcd6b3a04",
                "sha256:135f69aecbf4517d5b3d6429207b2dff49c876be724ac0c8bf8e1ea99df3d7e5",
                "sha256:19db0cdd6e516f13329cba4903368bff9bb5a9331d3410b1b448daaadc495e54",
                "sha256:2781e9ad0e9d47173c0093321bb5435a9dfae0ed6a762aabafa13108f5f7b2ba",
                "sha256:291f7c42e21d72144bb1c1b2e825ec60f46d0a7468f5346841860454c7aa8f57",
                "sha256:2c5e309ec482556397cb21ede0350c5e82f0eb2621de04b2633588d118da4396",
                "sha256:2e9c80a8c3344a92cb04661115898a9129c074f7ab82011ef4b612f645939f12",
                "sha256:32a262e2b90ffcfdd97c7a5e24a6012a43c61f1f5a57789ad80af1d26c6acd97",
                "sha256:3c9fff570f13480b201e9ab69453108f6d98244a7f495e91b6c654a47486ba43",
                "sha256:415bdc7ca8c1c634a6d7163d43fb0ea885a07e9618a64bda407e04b04333b7db",
                "sha256:42194f54c11abc8583417a7cf4eaff544ce0de8187abaf5d29029c91b1725ad3",
                "sha256:4424e42199e86b21fc4db83bd76909a6fc2a2aefb352cb5414833c030f6ed71b",
                "sha256:4a43c91840bda5f55249413037b7a9b79c90b1184ed504883b72c4df70778579",
                "sha256:599a1e8ff057ac530c9ad1778293c665cb81a791421f46922d80a86473c13346",
                "sha256:5c4fae4e9cdd18c82ba3a134be256e98dc0596af1e7285a3d2602c97dcfa5159",
                "sha256:5ecfa867dea6fabe2a58f03ac9186ea64da1386af2159196da51c4904e11d652",
                "sha256:62f2578358d3a92e4ab2d830cd1c2049c9c0d0e6d3c58322993cc341bdeac22e",
                "sha256:6471a82d5abea994e38d2c2abc77164b4f7fbaaf80261cb98394d5793f11b12a",
                "sha256:6d4f18483d040e18546108eb13b1dfa1000a089bcf8529e30346116ea6240506",
                "sha256:71a608532ab3bd26223c8d841dde43f3516aa5d2bf37b50ac410bb5e99053e8f",
                "sha256:74a1d8c85fb6ff0b30fbfa8ad0ac23cd601a138f7509dc617ebc65ef305bb98d",
                "sha256:7b93a885bb13073afb0aa73ad82059a4c41f4b7d8eb8368980448b52d4c7dc2c",
                "sha256:7d4751da932caaec419d514eaa4215eaf14b612cff66398dd51129ac22680b20",
                "sha256:7f627141a26b551bdebbc4855c1157feeef18241b4b8366ed22a5c7d672ef858",
                "sha256:8169cf44dd8f9071b2b9248c35fc35e8677451c52f795daa2bb4643f32a540bc",
                "sha256:aa00d66c0fab27373ae44ae26a66a9e43ff2a678bf63a9c7c1a9a4d61172827a",
                "sha256:ccb032fda0873254380aa2bfad2582aedc2959186cce61e3a17abc1a55ff89c3",
                "sha256:d754f39e0d1603b5b24a7f8484b22d2904fa551fe865fd0d4c3332f078d20d4e",
                "sha256:d75c461e20e29afc0aee7172a0950157c704ff0dd51613506bd7d82b718e7410",
                "sha256:dcd65317dd15bc0451f3e01c80da2216a31916bdcffd6221ca1202d96584aa25",
                "sha256:e570d3ab32e2c2861c4ebe6ffcad6a8abf9347432a37608fe1fbd157b3f0036b",
                "sha256:fd43a88e045cf992ed09fa724b5315b790525f2676883a6ea64e3263bae6549d"
            ],
            "version": "==1.13.2"
        },
        "chardet": {
            "hashes": [
                "sha256:84ab92ed1c4d4f16916e05906b6b75a6c0fb5db821cc65e70cbd64a3e2a5eaae",
                "sha256:fc323ffcaeaed0e0a02bf4d117757b98aed530d9ed4531e3e15460124c106691"
            ],
            "version": "==3.0.4"
        },
        "ciso8601": {
            "hashes": [
                "sha256:307342e8bb362ae41a3f3a089c11b374116823bce6fbe5d784e2a2dc37f2c753"
            ],
            "version": "==2.1.2"
        },
        "cryptography": {
            "hashes": [
                "sha256:02079a6addc7b5140ba0825f542c0869ff4df9a69c360e339ecead5baefa843c",
                "sha256:1df22371fbf2004c6f64e927668734070a8953362cd8370ddd336774d6743595",
                "sha256:369d2346db5934345787451504853ad9d342d7f721ae82d098083e1f49a582ad",
                "sha256:3cda1f0ed8747339bbdf71b9f38ca74c7b592f24f65cdb3ab3765e4b02871651",
                "sha256:44ff04138935882fef7c686878e1c8fd80a723161ad6a98da31e14b7553170c2",
                "sha256:4b1030728872c59687badcca1e225a9103440e467c17d6d1730ab3d2d64bfeff",
                "sha256:58363dbd966afb4f89b3b11dfb8ff200058fbc3b947507675c19ceb46104b48d",
                "sha256:6ec280fb24d27e3d97aa731e16207d58bd8ae94ef6eab97249a2afe4ba643d42",
                "sha256:7270a6c29199adc1297776937a05b59720e8a782531f1f122f2eb8467f9aab4d",
                "sha256:73fd30c57fa2d0a1d7a49c561c40c2f79c7d6c374cc7750e9ac7c99176f6428e",
                "sha256:7f09806ed4fbea8f51585231ba742b58cbcfbfe823ea197d8c89a5e433c7e912",
                "sha256:90df0cc93e1f8d2fba8365fb59a858f51a11a394d64dbf3ef844f783844cc793",
                "sha256:971221ed40f058f5662a604bd1ae6e4521d84e6cad0b7b170564cc34169c8f13",
                "sha256:a518c153a2b5ed6b8cc03f7ae79d5ffad7315ad4569b2d5333a13c38d64bd8d7",
                "sha256:b0de590a8b0979649ebeef8bb9f54394d3a41f66c5584fff4220901739b6b2f0",
                "sha256:b43f53f29816ba1db8525f006fa6f49292e9b029554b3eb56a189a70f2a40879",
                "sha256:d31402aad60ed889c7e57934a03477b572a03af7794fa8fb1780f21ea8f6551f",
                "sha256:de96157ec73458a7f14e3d26f17f8128c959084931e8997b9e655a39c8fde9f9",
                "sha256:df6b4dca2e11865e6cfbfb708e800efb18370f5a46fd601d3755bc7f85b3a8a2",
                "sha256:ecadccc7ba52193963c0475ac9f6fa28ac01e01349a2ca48509667ef41ffd2cf",
                "sha256:fb81c17e0ebe3358486cd8cc3ad78adbae58af12fc2bf2bc0bb84e8090fa5ce8"
            ],
            "version": "==2.8"
        },
        "hiredis": {
            "hashes": [
                "sha256:01b577f84c20ecc9c07fc4c184231b08e3c3942de096fa99978e053de231c423",
                "sha256:01ff0900134166961c9e339df77c33b72f7edc5cb41739f0babcd9faa345926e",
                "sha256:03ed34a13316d0c34213c4fd46e0fa3a5299073f4d4f08e93fed8c2108b399b3",
                "sha256:040436e91df5143aff9e0debb49530d0b17a6bd52200ce568621c31ef581b10d",
                "sha256:091eb38fbf968d1c5b703e412bbbd25f43a7967d8400842cee33a5a07b33c27b",
                "sha256:102f9b9dc6ed57feb3a7c9bdf7e71cb7c278fe8df1edfcfe896bc3e0c2be9447",
                "sha256:2b4b392c7e3082860c8371fab3ae762139090f9115819e12d9f56060f9ede05d",
                "sha256:2c9cc0b986397b833073f466e6b9e9c70d1d4dc2c2c1b3e9cae3a23102ff296c",
                "sha256:2fa65a9df683bca72073cd77709ddeb289ea2b114d3775d225fbbcc5faf808c5",
                "sha256:38437a681f17c975fd22349e72c29bc643f8e7eb2d6dc5df419eac59afa4d7ce",
                "sha256:3b3428fa3cf1ee178807b52c9bee8950ab94cd4eaa9bfae8c1bbae3c49501d34",
                "sha256:3dd8c2fae7f5494978facb0e93297dd627b1a3f536f3b070cf0a7d9157a07dcb",
                "sha256:4414a96c212e732723b5c3d7c04d386ebbb2ec359e1de646322cbc3f875cbd0d",
                "sha256:48c627581ad4ef60adbac980981407939acf13a0e18f093502c7b542223c4f19",
                "sha256:4a60e71625a2d78d8ab84dfb2fa2cfd9458c964b6e6c04fea76d9ade153fb371",
                "sha256:585ace09f434e43d8a8dbeb366865b1a044d7c06319b3c7372a0a00e63b860f4",
                "sha256:74b364b3f06c9cf0a53f7df611045bc9437ed972a283fa1f0b12537236d23ddc",
                "sha256:75c65c3850e89e9daa68d1b9bedd5806f177d60aa5a7b0953b4829481cfc1f72",
                "sha256:7f052de8bf744730a9120dbdc67bfeb7605a01f69fb8e7ba5c475af33c24e145",
                "sha256:8113a7d5e87ecf57cd4ae263cc9e429adb9a3e59f5a7768da5d3312a8d0a051a",
                "sha256:84857ce239eb8ed191ac78e77ff65d52902f00f30f4ee83bf80eb71da73b70e6",
                "sha256:8644a48ddc4a40b3e3a6b9443f396c2ee353afb2d45656c4fc68d04a82e8e3f7",
                "sha256:936aa565e673536e8a211e43ec43197406f24cd1f290138bd143765079c8ba00",
                "sha256:9afeb88c67bbc663b9f27385c496da056d06ad87f55df6e393e1516cfecb0461",
                "sha256:9d62cc7880110e4f83b0a51d218f465d3095e2751fbddd34e553dbd106a929ff",
                "sha256:a1fadd062fc8d647ff39220c57ea2b48c99bb73f18223828ec97f88fc27e7898",
                "sha256:a7754a783b1e5d6f627c19d099b178059c62f782ab62b4d8ba165b9fbc2ee34c",
                "sha256:aa59dd63bb3f736de4fc2d080114429d5d369dfb3265f771778e8349d67a97a4",
                "sha256:ae2ee0992f8de249715435942137843a93db204dd7db1e7cc9bdc5a8436443e8",
                "sha256:b36842d7cf32929d568f37ec5b3173b72b2ec6572dec4d6be6ce774762215aee",
                "sha256:bcbf9379c553b5facc6c04c1e5569b44b38ff16bcbf354676287698d61ee0c92",
                "sha256:cbccbda6f1c62ab460449d9c85fdf24d0d32a6bf45176581151e53cc26a5d910",
                "sha256:d0caf98dfb8af395d6732bd16561c0a2458851bea522e39f12f04802dbf6f502",
                "sha256:d6456afeddba036def1a36d8a2758eca53202308d83db20ab5d0b66590919627",
                "sha256:dbaef9a21a4f10bc281684ee4124f169e62bb533c2a92b55f8c06f64f9af7b8f",
                "sha256:dce84916c09aaece006272b37234ae84a8ed13abb3a4d341a23933b8701abfb5",
                "sha256:eb8c9c8b9869539d58d60ff4a28373a22514d40495911451343971cb4835b7a9",
                "sha256:efc98b14ee3a8595e40b1425e8d42f5fd26f11a7b215a81ef9259068931754f4",
                "sha256:fa2dc05b87d97acc1c6ae63f3e0f39eae5246565232484b08db6bf2dc1580678",
                "sha256:fe7d6ce9f6a5fbe24f09d95ea93e9c7271abc4e1565da511e1449b107b4d7848"
            ],
            "version": "==1.0.1"
        },
        "idna": {
            "hashes": [
                "sha256:c357b3f628cf53ae2c4c05627ecc484553142ca23264e593d327bcde5e9c3407",
                "sha256:ea8b7f6188e6fa117537c3df7da9fc686d485087abf6ac197f9c46432f7e4a3c"
            ],
            "version": "==2.8"
        },
        "multidict": {
            "hashes": [
                "sha256:0f04bf4c15d8417401a10a650c349ccc0285943681bfd87d3690587d7714a9b4",
                "sha256:15a61c0df2d32487e06f6084eabb48fd9e8b848315e397781a70caf9670c9d78",
                "sha256:3c5e2dcbe6b04cbb4303e47a896757a77b676c5e5db5528be7ff92f97ba7ab95",
                "sha256:5d2b32b890d9e933d3ced417924261802a857abdee9507b68c75014482145c03",
                "sha256:5e5fb8bfebf87f2e210306bf9dd8de2f1af6782b8b78e814060ae9254ab1f297",
                "sha256:63ba2be08d82ea2aa8b0f7942a74af4908664d26cb4ff60c58eadb1e33e7da00",
                "sha256:73740fcdb38f0adcec85e97db7557615b50ec4e5a3e73e35878720bcee963382",
                "sha256:78bed18e7f1eb21f3d10ff3acde900b4d630098648fe1d65bb4abfb3e22c4900",
                "sha256:a02fade7b5476c4f88efe9593ff2f3286698d8c6d715ba4f426954f73f382026",
                "sha256:aacbde3a8875352a640efa2d1b96e5244a29b0f8df79cbf1ec6470e86fd84697",
                "sha256:be813fb9e5ce41a5a99a29cdb857144a1bd6670883586f995b940a4878dc5238",
                "sha256:bfcad6da0b8839f01a819602aaa5c5a5b4c85ecbfae9b261a31df3d9262fb31e",
                "sha256:c2bfc0db3166e68515bc4a2b9164f4f75ae9c793e9635f8651f2c9ffc65c8dad",
                "sha256:c66d11870ae066499a3541963e6ce18512ca827c2aaeaa2f4e37501cee39ac5d",
                "sha256:cc7f2202b753f880c2e4123f9aacfdb94560ba893e692d24af271dac41f8b8d9",
                "sha256:d1f45e5bb126662ba66ee579831ce8837b1fd978115c9657e32eb3c75b92973d",
                "sha256:ed5f3378c102257df9e2dc9ce6468dabf68bee9ec34969cfdc472631aba00316"
            ],
            "version": "==4.7.3"
        },
        "pycparser": {
            "hashes": [
                "sha256:a988718abfad80b6b157acce7bf130a30876d27603738ac39f140993246b25b3",
                "sha256:fdbae4e6f505ece28ab3b96f5c103a1d87e42845d249c33a097f14abb2bdad3e"
            ],
            "version": "==2.19"
        },
        "pymysql": {
            "hashes": [
                "sha256:95f057328357e0e13a30e67857a8c694878b0175797a9a203ee7adbfb9b1ec5f",
                "sha256:9ec760cbb251c158c19d6c88c17ca00a8632bac713890e465b2be01fdc30713f"
            ],
            "version": "==0.9.2"
        },
        "pypika": {
            "hashes": [
                "sha256:a4d80829a065047c39b7838aafb440761bd9a306977c0e6f78caf5eaa056c9e4"
            ],
            "version": "==0.35.18"
        },
        "redis": {
            "hashes": [
                "sha256:3613daad9ce5951e426f460deddd5caf469e08a3af633e9578fc77d362becf62",
                "sha256:8d0fc278d3f5e1249967cba2eb4a5632d19e45ce5c09442b8422d15ee2c22cc2"
            ],
            "index": "pypi",
            "version": "==3.3.11"
        },
        "six": {
            "hashes": [
                "sha256:1f1b7d42e254082a9db6279deae68afb421ceba6158efa6131de7b3003ee93fd",
                "sha256:30f610279e8b2578cab6db20741130331735c781b56053c59c4076da27f06b66"
            ],
            "version": "==1.13.0"
        },
        "toml": {
            "hashes": [
                "sha256:229f81c57791a41d65e399fc06bf0848bab550a9dfd5ed66df18ce5f05e73d5c",
                "sha256:235682dd292d5899d361a811df37e04a8828a5b1da3115886b73cf81ebc9100e"
            ],
            "index": "pypi",
            "version": "==0.10.0"
        },
        "tortoise-orm": {
            "hashes": [
                "sha256:90d1c4cc2038bcfd8c436106a2a5e667354208b2f4db8a63b96a05e6125e73f5"
            ],
            "index": "pypi",
            "version": "==0.15.4"
        },
        "typing-extensions": {
            "hashes": [
                "sha256:091ecc894d5e908ac75209f10d5b4f118fbdb2eb1ede6a63544054bb1edb41f2",
                "sha256:910f4656f54de5993ad9304959ce9bb903f90aadc7c67a0bef07e678014e892d",
                "sha256:cf8b63fedea4d89bab840ecbb93e75578af28f76f66c35889bd7065f5af88575"
            ],
            "version": "==3.7.4.1"
        },
        "yarl": {
            "hashes": [
                "sha256:0c2ab325d33f1b824734b3ef51d4d54a54e0e7a23d13b86974507602334c2cce",
                "sha256:0ca2f395591bbd85ddd50a82eb1fde9c1066fafe888c5c7cc1d810cf03fd3cc6",
                "sha256:2098a4b4b9d75ee352807a95cdf5f10180db903bc5b7270715c6bbe2551f64ce",
                "sha256:25e66e5e2007c7a39541ca13b559cd8ebc2ad8fe00ea94a2aad28a9b1e44e5ae",
                "sha256:26d7c90cb04dee1665282a5d1a998defc1a9e012fdca0f33396f81508f49696d",
                "sha256:308b98b0c8cd1dfef1a0311dc5e38ae8f9b58349226aa0533f15a16717ad702f",
                "sha256:3ce3d4f7c6b69c4e4f0704b32eca8123b9c58ae91af740481aa57d7857b5e41b",
                "sha256:58cd9c469eced558cd81aa3f484b2924e8897049e06889e8ff2510435b7ef74b",
                "sha256:5b10eb0e7f044cf0b035112446b26a3a2946bca9d7d7edb5e54a2ad2f6652abb",
                "sha256:6faa19d3824c21bcbfdfce5171e193c8b4ddafdf0ac3f129ccf0cdfcb083e462",
                "sha256:944494be42fa630134bf907714d40207e646fd5a94423c90d5b514f7b0713fea",
                "sha256:a161de7e50224e8e3de6e184707476b5a989037dcb24292b391a3d66ff158e70",
                "sha256:a4844ebb2be14768f7994f2017f70aca39d658a96c786211be5ddbe1c68794c1",
                "sha256:c2b509ac3d4b988ae8769901c66345425e361d518aecbe4acbfc2567e416626a",
                "sha256:c9959d49a77b0e07559e579f38b2f3711c2b8716b8410b320bf9713013215a1b",
                "sha256:d8cdee92bc930d8b09d8bd2043cedd544d9c8bd7436a77678dd602467a993080",
                "sha256:e15199cdb423316e15f108f51249e44eb156ae5dba232cb73be555324a1d49c2"
            ],
            "version": "==1.4.2"
        }
    },
    "develop": {
        "appnope": {
            "hashes": [
                "sha256:5b26757dc6f79a3b7dc9fab95359328d5747fcb2409d331ea66d0272b90ab2a0",
                "sha256:8b995ffe925347a2138d7ac0fe77155e4311a0ea6d6da4f5128fe4b3cbe5ed71"
            ],
            "markers": "sys_platform == 'darwin'",
            "version": "==0.1.0"
        },
        "backcall": {
            "hashes": [
                "sha256:38ecd85be2c1e78f77fd91700c76e14667dc21e2713b63876c0eb901196e01e4",
                "sha256:bbbf4b1e5cd2bdb08f915895b51081c041bac22394fdfcfdfbe9f14b77c08bf2"
            ],
            "version": "==0.1.0"
        },
        "decorator": {
            "hashes": [
                "sha256:54c38050039232e1db4ad7375cfce6748d7b41c29e95a081c8a6d2c30364a2ce",
                "sha256:5d19b92a3c8f7f101c8dd86afd86b0f061a8ce4540ab8cd401fa2542756bce6d"
            ],
            "version": "==4.4.1"
        },
        "ipython": {
            "hashes": [
                "sha256:0b67031a659fd7046cbf8c4efc2a0d514ee050434dfede76f540cfa6f806f65e",
                "sha256:cc70e2111d1629e31ef9ff445529f8bb2b4fc4f93bfe140c33fe18cf36fde072"
            ],
            "index": "pypi",
            "version": "==7.11.0"
        },
        "ipython-genutils": {
            "hashes": [
                "sha256:72dd37233799e619666c9f639a9da83c34013a73e8bbc79a7a6348d93c61fab8",
                "sha256:eb2e116e75ecef9d4d228fdc66af54269afa26ab4463042e33785b887c628ba8"
            ],
            "version": "==0.2.0"
        },
        "jedi": {
            "hashes": [
                "sha256:1349c1e8c107095a55386628bb3b2a79422f3a2cab8381e34ce19909e0cf5064",
                "sha256:e909527104a903606dd63bea6e8e888833f0ef087057829b89a18364a856f807"
            ],
            "version": "==0.15.2"
        },
        "parso": {
            "hashes": [
                "sha256:55cf25df1a35fd88b878715874d2c4dc1ad3f0eebd1e0266a67e1f55efccfbe1",
                "sha256:5c1f7791de6bd5dbbeac8db0ef5594b36799de198b3f7f7014643b0c5536b9d3"
            ],
            "version": "==0.5.2"
        },
        "pexpect": {
            "hashes": [
                "sha256:2094eefdfcf37a1fdbfb9aa090862c1a4878e5c7e0e7e7088bdb511c558e5cd1",
                "sha256:9e2c1fd0e6ee3a49b28f95d4b33bc389c89b20af6a1255906e90ff1262ce62eb"
            ],
            "markers": "sys_platform != 'win32'",
            "version": "==4.7.0"
        },
        "pickleshare": {
            "hashes": [
                "sha256:87683d47965c1da65cdacaf31c8441d12b8044cdec9aca500cd78fc2c683afca",
                "sha256:9649af414d74d4df115d5d718f82acb59c9d418196b7b4290ed47a12ce62df56"
            ],
            "version": "==0.7.5"
        },
        "prompt-toolkit": {
            "hashes": [
                "sha256:0278d2f51b5ceba6ea8da39f76d15684e84c996b325475f6e5720edc584326a7",
                "sha256:63daee79aa8366c8f1c637f1a4876b890da5fc92a19ebd2f7080ebacb901e990"
            ],
            "version": "==3.0.2"
        },
        "ptyprocess": {
            "hashes": [
                "sha256:923f299cc5ad920c68f2bc0bc98b75b9f838b93b599941a6b63ddbc2476394c0",
                "sha256:d7cc528d76e76342423ca640335bd3633420dc1366f258cb31d05e865ef5ca1f"
            ],
            "version": "==0.6.0"
        },
        "pygments": {
            "hashes": [
                "sha256:2a3fe295e54a20164a9df49c75fa58526d3be48e14aceba6d6b1e8ac0bfd6f1b",
                "sha256:98c8aa5a9f778fcd1026a17361ddaf7330d1b7c62ae97c3bb0ae73e0b9b6b0fe"
            ],
            "version": "==2.5.2"
        },
        "six": {
            "hashes": [
                "sha256:1f1b7d42e254082a9db6279deae68afb421ceba6158efa6131de7b3003ee93fd",
                "sha256:30f610279e8b2578cab6db20741130331735c781b56053c59c4076da27f06b66"
            ],
            "version": "==1.13.0"
        },
        "traitlets": {
            "hashes": [
                "sha256:70b4c6a1d9019d7b4f6846832288f86998aa3b9207c6821f3578a6a6a467fe44",
                "sha256:d023ee369ddd2763310e4c3eae1ff649689440d4ae59d7485eb4cfbbe3e359f7"
            ],
            "version": "==4.3.3"
        },
        "wcwidth": {
            "hashes": [
                "sha256:3df37372226d6e63e1b1e1eda15c594bca98a22d33a23832a90998faa96bc65e",
                "sha256:f4ebe71925af7b40a864553f761ed559b43544f8f71746c2d756c7fe788ade7c"
            ],
            "version": "==0.1.7"
        }
    }
}
